// !$*UTF8*$!
{
	archiveVersion = 1;
	classes = {
	};
	objectVersion = 77;
	objects = {

/* Begin PBXBuildFile section */
		1D6D60ADC2F7C6AE3AD1C4C9 /* BubblePhysicsBenchApp.swift in Sources */ = {isa = PBXBuildFile; fileRef = 061528BD02245748875CB02D /* BubblePhysicsBenchApp.swift */; };
		A56C43D96F14412DA1770E61 /* RadialBubblePrototypeView.swift in Sources */ = {isa = PBXBuildFile; fileRef = D48CFEA6D18C4A95BAE9717F /* RadialBubblePrototypeView.swift */; };
		400C6DD42752722E6154A68C /* BubblePhysics in Frameworks */ = {isa = PBXBuildFile; productRef = 30D026171047D8A2CA0CBBC5 /* BubblePhysics */; };
		A11B22C33D44E55F66000001 /* BubblePhysicsMetal in Frameworks */ = {isa = PBXBuildFile; productRef = A11B22C33D44E55F66000002 /* BubblePhysicsMetal */; };
/* End PBXBuildFile section */

/* Begin PBXFileReference section */
		061528BD02245748875CB02D /* BubblePhysicsBenchApp.swift */ = {isa = PBXFileReference; lastKnownFileType = sourcecode.swift; path = BubblePhysicsBenchApp.swift; sourceTree = "<group>"; };
		D48CFEA6D18C4A95BAE9717F /* RadialBubblePrototypeView.swift */ = {isa = PBXFileReference; lastKnownFileType = sourcecode.swift; path = RadialBubblePrototypeView.swift; sourceTree = "<group>"; };
		70DEEBEF64919AF7D59AE563 /* BubblePhysicsBench.app */ = {isa = PBXFileReference; includeInIndex = 0; lastKnownFileType = wrapper.application; path = BubblePhysicsBench.app; sourceTree = BUILT_PRODUCTS_DIR; };
		EBE118F3EF470FF445638A9A /* bubble-physics */ = {isa = PBXFileReference; lastKnownFileType = folder; name = "bubble-physics"; path = ../../..; sourceTree = SOURCE_ROOT; };
/* End PBXFileReference section */

/* Begin PBXFrameworksBuildPhase section */
		3FA4C006C5A1BFAEFC31FD91 /* Frameworks */ = {
			isa = PBXFrameworksBuildPhase;
			buildActionMask = 2147483647;
			files = (
				400C6DD42752722E6154A68C /* BubblePhysics in Frameworks */,
				A11B22C33D44E55F66000001 /* BubblePhysicsMetal in Frameworks */,
			);
			runOnlyForDeploymentPostprocessing = 0;
		};
/* End PBXFrameworksBuildPhase section */

/* Begin PBXGroup section */
		3DBD96C75144024EBE03E1A3 = {
			isa = PBXGroup;
			children = (
				8BED0A2432CE41B1664AFF12 /* App */,
				62B73258DB6FD046BDDB8E57 /* Packages */,
				8BCAE9AD08E07996986479EE /* Products */,
			);
			sourceTree = "<group>";
		};
		62B73258DB6FD046BDDB8E57 /* Packages */ = {
			isa = PBXGroup;
			children = (
				EBE118F3EF470FF445638A9A /* bubble-physics */,
			);
			name = Packages;
			sourceTree = "<group>";
		};
		8BCAE9AD08E07996986479EE /* Products */ = {
			isa = PBXGroup;
			children = (
				70DEEBEF64919AF7D59AE563 /* BubblePhysicsBench.app */,
			);
			name = Products;
			sourceTree = "<group>";
		};
		8BED0A2432CE41B1664AFF12 /* App */ = {
			isa = PBXGroup;
			children = (
				061528BD02245748875CB02D /* BubblePhysicsBenchApp.swift */,
				D48CFEA6D18C4A95BAE9717F /* RadialBubblePrototypeView.swift */,
			);
			path = App;
			sourceTree = "<group>";
		};
/* End PBXGroup section */

/* Begin PBXNativeTarget section */
		55DE780700A92AA9FAE5BFE0 /* BubblePhysicsBench */ = {
			isa = PBXNativeTarget;
			buildConfigurationList = 2DC64A0037E08033B2FD464B /* Build configuration list for PBXNativeTarget "BubblePhysicsBench" */;
			buildPhases = (
				7AD2E3A9764B0AE2973DC67C /* Sources */,
				3FA4C006C5A1BFAEFC31FD91 /* Frameworks */,
			);
			buildRules = (
			);
			dependencies = (
			);
			name = BubblePhysicsBench;
			packageProductDependencies = (
				30D026171047D8A2CA0CBBC5 /* BubblePhysics */,
				A11B22C33D44E55F66000002 /* BubblePhysicsMetal */,
			);
			productName = BubblePhysicsBench;
			productReference = 70DEEBEF64919AF7D59AE563 /* BubblePhysicsBench.app */;
			productType = "com.apple.product-type.application";
		};
/* End PBXNativeTarget section */

/* Begin PBXProject section */
		11A45F8D5436556B48EBC12F /* Project object */ = {
			isa = PBXProject;
			attributes = {
				BuildIndependentTargetsInParallel = YES;
				LastUpgradeCheck = 1430;
				TargetAttributes = {
				};
			};
			buildConfigurationList = C239D3798C9901F22D792578 /* Build configuration list for PBXProject "BubblePhysicsBench" */;
			developmentRegion = en;
			hasScannedForEncodings = 0;
			knownRegions = (
				Base,
				en,
			);
			mainGroup = 3DBD96C75144024EBE03E1A3;
			minimizedProjectReferenceProxies = 1;
			packageReferences = (
				6B3D8620462FD7DC0199D4CD /* XCLocalSwiftPackageReference "../../.." */,
			);
			preferredProjectObjectVersion = 77;
			productRefGroup = 8BCAE9AD08E07996986479EE /* Products */;
			projectDirPath = "";
			projectRoot = "";
			targets = (
				55DE780700A92AA9FAE5BFE0 /* BubblePhysicsBench */,
			);
		};
/* End PBXProject section */

/* Begin PBXSourcesBuildPhase section */
		7AD2E3A9764B0AE2973DC67C /* Sources */ = {
			isa = PBXSourcesBuildPhase;
			buildActionMask = 2147483647;
			files = (
				1D6D60ADC2F7C6AE3AD1C4C9 /* BubblePhysicsBenchApp.swift in Sources */,
				A56C43D96F14412DA1770E61 /* RadialBubblePrototypeView.swift in Sources */,
			);
			runOnlyForDeploymentPostprocessing = 0;
		};
/* End PBXSourcesBuildPhase section */

/* Begin XCBuildConfiguration section */
		2BC2110FF6CC3A3DBD3AB41B /* Release */ = {
			isa = XCBuildConfiguration;
			buildSettings = {
				ASSETCATALOG_COMPILER_APPICON_NAME = AppIcon;
				CODE_SIGN_IDENTITY = "iPhone Developer";
				GENERATE_INFOPLIST_FILE = YES;
				IPHONEOS_DEPLOYMENT_TARGET = 16.0;
				LD_RUNPATH_SEARCH_PATHS = (
					"$(inherited)",
					"@executable_path/Frameworks",
				);
				PRODUCT_BUNDLE_IDENTIFIER = com.mariuszadamowicz.BubblePhysicsBench;
				SDKROOT = iphoneos;
				SWIFT_VERSION = 5.0;
				TARGETED_DEVICE_FAMILY = "1,2";
			};
			name = Release;
		};
		43F30F85160C75BC25346832 /* Debug */ = {
			isa = XCBuildConfiguration;
			buildSettings = {
				ASSETCATALOG_COMPILER_APPICON_NAME = AppIcon;
				CODE_SIGN_IDENTITY = "iPhone Developer";
				GENERATE_INFOPLIST_FILE = YES;
				IPHONEOS_DEPLOYMENT_TARGET = 16.0;
				LD_RUNPATH_SEARCH_PATHS = (
					"$(inherited)",
					"@executable_path/Frameworks",
				);
				PRODUCT_BUNDLE_IDENTIFIER = com.mariuszadamowicz.BubblePhysicsBench;
				SDKROOT = iphoneos;
				SWIFT_VERSION = 5.0;
				TARGETED_DEVICE_FAMILY = "1,2";
			};
			name = Debug;
		};
		8A1A20035A356E430EADA37C /* Debug */ = {
			isa = XCBuildConfiguration;
			buildSettings = {
				ALWAYS_SEARCH_USER_PATHS = NO;
				CLANG_ANALYZER_NONNULL = YES;
				CLANG_ANALYZER_NUMBER_OBJECT_CONVERSION = YES_AGGRESSIVE;
				CLANG_CXX_LANGUAGE_STANDARD = "gnu++14";
				CLANG_CXX_LIBRARY = "libc++";
				CLANG_ENABLE_MODULES = YES;
				CLANG_ENABLE_OBJC_ARC = YES;
				CLANG_ENABLE_OBJC_WEAK = YES;
				CLANG_WARN_BLOCK_CAPTURE_AUTORELEASING = YES;
				CLANG_WARN_BOOL_CONVERSION = YES;
				CLANG_WARN_COMMA = YES;
				CLANG_WARN_CONSTANT_CONVERSION = YES;
				CLANG_WARN_DEPRECATED_OBJC_IMPLEMENTATIONS = YES;
				CLANG_WARN_DIRECT_OBJC_ISA_USAGE = YES_ERROR;
				CLANG_WARN_DOCUMENTATION_COMMENTS = YES;
				CLANG_WARN_EMPTY_BODY = YES;
				CLANG_WARN_ENUM_CONVERSION = YES;
				CLANG_WARN_INFINITE_RECURSION = YES;
				CLANG_WARN_INT_CONVERSION = YES;
				CLANG_WARN_NON_LITERAL_NULL_CONVERSION = YES;
				CLANG_WARN_OBJC_IMPLICIT_RETAIN_SELF = YES;
				CLANG_WARN_OBJC_LITERAL_CONVERSION = YES;
				CLANG_WARN_OBJC_ROOT_CLASS = YES_ERROR;
				CLANG_WARN_QUOTED_INCLUDE_IN_FRAMEWORK_HEADER = YES;
				CLANG_WARN_RANGE_LOOP_ANALYSIS = YES;
				CLANG_WARN_STRICT_PROTOTYPES = YES;
				CLANG_WARN_SUSPICIOUS_MOVE = YES;
				CLANG_WARN_UNGUARDED_AVAILABILITY = YES_AGGRESSIVE;
				CLANG_WARN_UNREACHABLE_CODE = YES;
				CLANG_WARN__DUPLICATE_METHOD_MATCH = YES;
				COPY_PHASE_STRIP = NO;
				DEBUG_INFORMATION_FORMAT = dwarf;
				ENABLE_STRICT_OBJC_MSGSEND = YES;
				ENABLE_TESTABILITY = YES;
				GCC_C_LANGUAGE_STANDARD = gnu11;
				GCC_DYNAMIC_NO_PIC = NO;
				GCC_NO_COMMON_BLOCKS = YES;
				GCC_OPTIMIZATION_LEVEL = 0;
				GCC_PREPROCESSOR_DEFINITIONS = (
					"$(inherited)",
					"DEBUG=1",
				);
				GCC_WARN_64_TO_32_BIT_CONVERSION = YES;
				GCC_WARN_ABOUT_RETURN_TYPE = YES_ERROR;
				GCC_WARN_UNDECLARED_SELECTOR = YES;
				GCC_WARN_UNINITIALIZED_AUTOS = YES_AGGRESSIVE;
				GCC_WARN_UNUSED_FUNCTION = YES;
				GCC_WARN_UNUSED_VARIABLE = YES;
				MTL_ENABLE_DEBUG_INFO = INCLUDE_SOURCE;
				MTL_FAST_MATH = YES;
				ONLY_ACTIVE_ARCH = YES;
				PRODUCT_NAME = "$(TARGET_NAME)";
				SDKROOT = iphoneos;
				SWIFT_ACTIVE_COMPILATION_CONDITIONS = DEBUG;
				SWIFT_OPTIMIZATION_LEVEL = "-Onone";
				SWIFT_VERSION = 5.0;
			};
			name = Debug;
		};
		9C3D121B3E979353401865AB /* Release */ = {
			isa = XCBuildConfiguration;
			buildSettings = {
				ALWAYS_SEARCH_USER_PATHS = NO;
				CLANG_ANALYZER_NONNULL = YES;
				CLANG_ANALYZER_NUMBER_OBJECT_CONVERSION = YES_AGGRESSIVE;
				CLANG_CXX_LANGUAGE_STANDARD = "gnu++14";
				CLANG_CXX_LIBRARY = "libc++";
				CLANG_ENABLE_MODULES = YES;
				CLANG_ENABLE_OBJC_ARC = YES;
				CLANG_ENABLE_OBJC_WEAK = YES;
				CLANG_WARN_BLOCK_CAPTURE_AUTORELEASING = YES;
				CLANG_WARN_BOOL_CONVERSION = YES;
				CLANG_WARN_COMMA = YES;
				CLANG_WARN_CONSTANT_CONVERSION = YES;
				CLANG_WARN_DEPRECATED_OBJC_IMPLEMENTATIONS = YES;
				CLANG_WARN_DIRECT_OBJC_ISA_USAGE = YES_ERROR;
				CLANG_WARN_DOCUMENTATION_COMMENTS = YES;
				CLANG_WARN_EMPTY_BODY = YES;
				CLANG_WARN_ENUM_CONVERSION = YES;
				CLANG_WARN_INFINITE_RECURSION = YES;
				CLANG_WARN_INT_CONVERSION = YES;
				CLANG_WARN_NON_LITERAL_NULL_CONVERSION = YES;
				CLANG_WARN_OBJC_IMPLICIT_RETAIN_SELF = YES;
				CLANG_WARN_OBJC_LITERAL_CONVERSION = YES;
				CLANG_WARN_OBJC_ROOT_CLASS = YES_ERROR;
				CLANG_WARN_QUOTED_INCLUDE_IN_FRAMEWORK_HEADER = YES;
				CLANG_WARN_RANGE_LOOP_ANALYSIS = YES;
				CLANG_WARN_STRICT_PROTOTYPES = YES;
				CLANG_WARN_SUSPICIOUS_MOVE = YES;
				CLANG_WARN_UNGUARDED_AVAILABILITY = YES_AGGRESSIVE;
				CLANG_WARN_UNREACHABLE_CODE = YES;
				CLANG_WARN__DUPLICATE_METHOD_MATCH = YES;
				COPY_PHASE_STRIP = NO;
				DEBUG_INFORMATION_FORMAT = "dwarf-with-dsym";
				ENABLE_NS_ASSERTIONS = NO;
				ENABLE_STRICT_OBJC_MSGSEND = YES;
				GCC_C_LANGUAGE_STANDARD = gnu11;
				GCC_NO_COMMON_BLOCKS = YES;
				GCC_WARN_64_TO_32_BIT_CONVERSION = YES;
				GCC_WARN_ABOUT_RETURN_TYPE = YES_ERROR;
				GCC_WARN_UNDECLARED_SELECTOR = YES;
				GCC_WARN_UNINITIALIZED_AUTOS = YES_AGGRESSIVE;
				GCC_WARN_UNUSED_FUNCTION = YES;
				GCC_WARN_UNUSED_VARIABLE = YES;
				MTL_ENABLE_DEBUG_INFO = NO;
				MTL_FAST_MATH = YES;
				PRODUCT_NAME = "$(TARGET_NAME)";
				SDKROOT = iphoneos;
				SWIFT_COMPILATION_MODE = wholemodule;
				SWIFT_OPTIMIZATION_LEVEL = "-O";
				SWIFT_VERSION = 5.0;
			};
			name = Release;
		};
/* End XCBuildConfiguration section */

/* Begin XCConfigurationList section */
		2DC64A0037E08033B2FD464B /* Build configuration list for PBXNativeTarget "BubblePhysicsBench" */ = {
			isa = XCConfigurationList;
			buildConfigurations = (
				43F30F85160C75BC25346832 /* Debug */,
				2BC2110FF6CC3A3DBD3AB41B /* Release */,
			);
			defaultConfigurationIsVisible = 0;
			defaultConfigurationName = Debug;
		};
		C239D3798C9901F22D792578 /* Build configuration list for PBXProject "BubblePhysicsBench" */ = {
			isa = XCConfigurationList;
			buildConfigurations = (
				8A1A20035A356E430EADA37C /* Debug */,
				9C3D121B3E979353401865AB /* Release */,
			);
			defaultConfigurationIsVisible = 0;
			defaultConfigurationName = Debug;
		};
/* End XCConfigurationList section */

/* Begin XCLocalSwiftPackageReference section */
		6B3D8620462FD7DC0199D4CD /* XCLocalSwiftPackageReference "../../.." */ = {
			isa = XCLocalSwiftPackageReference;
			relativePath = ../../..;
		};
/* End XCLocalSwiftPackageReference section */

/* Begin XCSwiftPackageProductDependency section */
		30D026171047D8A2CA0CBBC5 /* BubblePhysics */ = {
			isa = XCSwiftPackageProductDependency;
			productName = BubblePhysics;
		};
		A11B22C33D44E55F66000002 /* BubblePhysicsMetal */ = {
			isa = XCSwiftPackageProductDependency;
			productName = BubblePhysicsMetal;
		};
/* End XCSwiftPackageProductDependency section */
	};
	rootObject = 11A45F8D5436556B48EBC12F /* Project object */;
}
